
Microsoft Visual Studio Solution File, Format Version 12.00
# Visual Studio Version 17
VisualStudioVersion = 17.8.34316.72
MinimumVisualStudioVersion = 10.0.40219.1
Project("{888888A0-9F3D-457C-B088-3A5042F75D52}") = "Critical Thinking 7", "Critical Thinking 7\Critical Thinking 7.pyproj", "{34A49854-8B8E-4042-9059-1200C9DED458}"
EndProject
Global
	GlobalSection(SolutionConfigurationPlatforms) = preSolution
		Debug|Any CPU = Debug|Any CPU
		Release|Any CPU = Release|Any CPU
	EndGlobalSection
	GlobalSection(ProjectConfigurationPlatforms) = postSolution
		{34A49854-8B8E-4042-9059-1200C9DED458}.Debug|Any CPU.ActiveCfg = Debug|Any CPU
		{34A49854-8B8E-4042-9059-1200C9DED458}.Release|Any CPU.ActiveCfg = Release|Any CPU
	EndGlobalSection
	GlobalSection(SolutionProperties) = preSolution
		HideSolutionNode = FALSE
	EndGlobalSection
	GlobalSection(ExtensibilityGlobals) = postSolution
		SolutionGuid = {17AE397E-8175-44D0-AA44-2CD2E70CD618}
	EndGlobalSection
EndGlobal
